
Microsoft Visual Studio Solution File, Format Version 12.00
# Visual Studio Version 16
VisualStudioVersion = 16.0.29519.87
MinimumVisualStudioVersion = 10.0.40219.1
Project("{00D1A9C2-B5F0-4AF3-8072-F6C62B433612}") = "ClientDB_Report", "ClientDB_Report.sqlproj", "{56DE4C7C-70F0-4DBB-8072-A1454B50A80D}"
EndProject
Project("{00D1A9C2-B5F0-4AF3-8072-F6C62B433612}") = "HRPInternalReports", "..\HRPInternalReports\HRPInternalReports.sqlproj", "{93E9B0A1-8224-4759-A899-51BE8F91FD50}"
EndProject
Global
	GlobalSection(SolutionConfigurationPlatforms) = preSolution
		Debug|Any CPU = Debug|Any CPU
		Dev|Any CPU = Dev|Any CPU
		LocalDev|Any CPU = LocalDev|Any CPU
		Model|Any CPU = Model|Any CPU
		Release|Any CPU = Release|Any CPU
		TEST|Any CPU = TEST|Any CPU
		TRN|Any CPU = TRN|Any CPU
		UAT|Any CPU = UAT|Any CPU
		UST|Any CPU = UST|Any CPU
	EndGlobalSection
	GlobalSection(ProjectConfigurationPlatforms) = postSolution
		{56DE4C7C-70F0-4DBB-8072-A1454B50A80D}.Debug|Any CPU.ActiveCfg = Debug|Any CPU
		{56DE4C7C-70F0-4DBB-8072-A1454B50A80D}.Debug|Any CPU.Build.0 = Debug|Any CPU
		{56DE4C7C-70F0-4DBB-8072-A1454B50A80D}.Debug|Any CPU.Deploy.0 = Debug|Any CPU
		{56DE4C7C-70F0-4DBB-8072-A1454B50A80D}.Dev|Any CPU.ActiveCfg = Dev|Any CPU
		{56DE4C7C-70F0-4DBB-8072-A1454B50A80D}.Dev|Any CPU.Build.0 = Dev|Any CPU
		{56DE4C7C-70F0-4DBB-8072-A1454B50A80D}.Dev|Any CPU.Deploy.0 = Dev|Any CPU
		{56DE4C7C-70F0-4DBB-8072-A1454B50A80D}.LocalDev|Any CPU.ActiveCfg = LocalDev|Any CPU
		{56DE4C7C-70F0-4DBB-8072-A1454B50A80D}.LocalDev|Any CPU.Build.0 = LocalDev|Any CPU
		{56DE4C7C-70F0-4DBB-8072-A1454B50A80D}.LocalDev|Any CPU.Deploy.0 = LocalDev|Any CPU
		{56DE4C7C-70F0-4DBB-8072-A1454B50A80D}.Model|Any CPU.ActiveCfg = Model|Any CPU
		{56DE4C7C-70F0-4DBB-8072-A1454B50A80D}.Model|Any CPU.Build.0 = Model|Any CPU
		{56DE4C7C-70F0-4DBB-8072-A1454B50A80D}.Model|Any CPU.Deploy.0 = Model|Any CPU
		{56DE4C7C-70F0-4DBB-8072-A1454B50A80D}.Release|Any CPU.ActiveCfg = Release|Any CPU
		{56DE4C7C-70F0-4DBB-8072-A1454B50A80D}.Release|Any CPU.Build.0 = Release|Any CPU
		{56DE4C7C-70F0-4DBB-8072-A1454B50A80D}.Release|Any CPU.Deploy.0 = Release|Any CPU
		{56DE4C7C-70F0-4DBB-8072-A1454B50A80D}.TEST|Any CPU.ActiveCfg = TEST|Any CPU
		{56DE4C7C-70F0-4DBB-8072-A1454B50A80D}.TEST|Any CPU.Build.0 = TEST|Any CPU
		{56DE4C7C-70F0-4DBB-8072-A1454B50A80D}.TEST|Any CPU.Deploy.0 = TEST|Any CPU
		{56DE4C7C-70F0-4DBB-8072-A1454B50A80D}.TRN|Any CPU.ActiveCfg = TRN|Any CPU
		{56DE4C7C-70F0-4DBB-8072-A1454B50A80D}.TRN|Any CPU.Build.0 = TRN|Any CPU
		{56DE4C7C-70F0-4DBB-8072-A1454B50A80D}.TRN|Any CPU.Deploy.0 = TRN|Any CPU
		{56DE4C7C-70F0-4DBB-8072-A1454B50A80D}.UAT|Any CPU.ActiveCfg = UAT|Any CPU
		{56DE4C7C-70F0-4DBB-8072-A1454B50A80D}.UAT|Any CPU.Build.0 = UAT|Any CPU
		{56DE4C7C-70F0-4DBB-8072-A1454B50A80D}.UAT|Any CPU.Deploy.0 = UAT|Any CPU
		{56DE4C7C-70F0-4DBB-8072-A1454B50A80D}.UST|Any CPU.ActiveCfg = UAT|Any CPU
		{56DE4C7C-70F0-4DBB-8072-A1454B50A80D}.UST|Any CPU.Build.0 = UAT|Any CPU
		{56DE4C7C-70F0-4DBB-8072-A1454B50A80D}.UST|Any CPU.Deploy.0 = UAT|Any CPU
		{93E9B0A1-8224-4759-A899-51BE8F91FD50}.Debug|Any CPU.ActiveCfg = Debug|Any CPU
		{93E9B0A1-8224-4759-A899-51BE8F91FD50}.Debug|Any CPU.Build.0 = Debug|Any CPU
		{93E9B0A1-8224-4759-A899-51BE8F91FD50}.Debug|Any CPU.Deploy.0 = Debug|Any CPU
		{93E9B0A1-8224-4759-A899-51BE8F91FD50}.Dev|Any CPU.ActiveCfg = Dev|Any CPU
		{93E9B0A1-8224-4759-A899-51BE8F91FD50}.Dev|Any CPU.Build.0 = Dev|Any CPU
		{93E9B0A1-8224-4759-A899-51BE8F91FD50}.Dev|Any CPU.Deploy.0 = Dev|Any CPU
		{93E9B0A1-8224-4759-A899-51BE8F91FD50}.LocalDev|Any CPU.ActiveCfg = LocalDev|Any CPU
		{93E9B0A1-8224-4759-A899-51BE8F91FD50}.LocalDev|Any CPU.Build.0 = LocalDev|Any CPU
		{93E9B0A1-8224-4759-A899-51BE8F91FD50}.LocalDev|Any CPU.Deploy.0 = LocalDev|Any CPU
		{93E9B0A1-8224-4759-A899-51BE8F91FD50}.Model|Any CPU.ActiveCfg = Model|Any CPU
		{93E9B0A1-8224-4759-A899-51BE8F91FD50}.Model|Any CPU.Build.0 = Model|Any CPU
		{93E9B0A1-8224-4759-A899-51BE8F91FD50}.Model|Any CPU.Deploy.0 = Model|Any CPU
		{93E9B0A1-8224-4759-A899-51BE8F91FD50}.Release|Any CPU.ActiveCfg = Release|Any CPU
		{93E9B0A1-8224-4759-A899-51BE8F91FD50}.Release|Any CPU.Build.0 = Release|Any CPU
		{93E9B0A1-8224-4759-A899-51BE8F91FD50}.Release|Any CPU.Deploy.0 = Release|Any CPU
		{93E9B0A1-8224-4759-A899-51BE8F91FD50}.TEST|Any CPU.ActiveCfg = TEST|Any CPU
		{93E9B0A1-8224-4759-A899-51BE8F91FD50}.TEST|Any CPU.Build.0 = TEST|Any CPU
		{93E9B0A1-8224-4759-A899-51BE8F91FD50}.TEST|Any CPU.Deploy.0 = TEST|Any CPU
		{93E9B0A1-8224-4759-A899-51BE8F91FD50}.TRN|Any CPU.ActiveCfg = TRN|Any CPU
		{93E9B0A1-8224-4759-A899-51BE8F91FD50}.TRN|Any CPU.Build.0 = TRN|Any CPU
		{93E9B0A1-8224-4759-A899-51BE8F91FD50}.TRN|Any CPU.Deploy.0 = TRN|Any CPU
		{93E9B0A1-8224-4759-A899-51BE8F91FD50}.UAT|Any CPU.ActiveCfg = Release|Any CPU
		{93E9B0A1-8224-4759-A899-51BE8F91FD50}.UAT|Any CPU.Build.0 = Release|Any CPU
		{93E9B0A1-8224-4759-A899-51BE8F91FD50}.UAT|Any CPU.Deploy.0 = Release|Any CPU
		{93E9B0A1-8224-4759-A899-51BE8F91FD50}.UST|Any CPU.ActiveCfg = Release|Any CPU
		{93E9B0A1-8224-4759-A899-51BE8F91FD50}.UST|Any CPU.Build.0 = Release|Any CPU
		{93E9B0A1-8224-4759-A899-51BE8F91FD50}.UST|Any CPU.Deploy.0 = Release|Any CPU
	EndGlobalSection
	GlobalSection(SolutionProperties) = preSolution
		HideSolutionNode = FALSE
	EndGlobalSection
	GlobalSection(ExtensibilityGlobals) = postSolution
		SolutionGuid = {06FF79EC-8954-43D7-8979-A7E4304F04ED}
	EndGlobalSection
EndGlobal
